<?xml version="1.0" encoding="utf-8"?>
<Project ToolsVersion="4.0" xmlns="http://schemas.microsoft.com/developer/msbuild/2003">
  <ItemGroup>
    <Filter Include="VulkanSDK">
      <UniqueIdentifier>{8fa800d6-b5c7-4375-86a7-c6b92febe7c1}</UniqueIdentifier>
    </Filter>
    <Filter Include="VulkanSDK\vulkan">
      <UniqueIdentifier>{857aef99-c602-4461-a41a-b555d0f2a004}</UniqueIdentifier>
    </Filter>
    <Filter Include="VulkanSDK\Volk">
      <UniqueIdentifier>{957017b2-88a7-4ca2-915b-4b46bbb87d22}</UniqueIdentifier>
    </Filter>
    <Filter Include="SDL3">
      <UniqueIdentifier>{1b801ccd-2425-48ad-ba68-8510cd7f67ce}</UniqueIdentifier>
    </Filter>
  </ItemGroup>
  <ItemGroup>
    <ClCompile Include="..\..\..\VulkanSDK\1.4.304.1\Include\Volk\volk.c">
      <Filter>VulkanSDK\Volk</Filter>
    </ClCompile>
    <ClCompile Include="main.cpp" />
  </ItemGroup>
  <ItemGroup>
    <ClInclude Include="..\..\..\SDL3\include\SDL3\SDL.h">
      <Filter>SDL3</Filter>
    </ClInclude>
    <ClInclude Include="..\..\..\SDL3\include\SDL3\SDL_assert.h">
      <Filter>SDL3</Filter>
    </ClInclude>
    <ClInclude Include="..\..\..\SDL3\include\SDL3\SDL_asyncio.h">
      <Filter>SDL3</Filter>
    </ClInclude>
    <ClInclude Include="..\..\..\SDL3\include\SDL3\SDL_atomic.h">
      <Filter>SDL3</Filter>
    </ClInclude>
    <ClInclude Include="..\..\..\SDL3\include\SDL3\SDL_audio.h">
      <Filter>SDL3</Filter>
    </ClInclude>
    <ClInclude Include="..\..\..\SDL3\include\SDL3\SDL_begin_code.h">
      <Filter>SDL3</Filter>
    </ClInclude>
    <ClInclude Include="..\..\..\SDL3\include\SDL3\SDL_bits.h">
      <Filter>SDL3</Filter>
    </ClInclude>
    <ClInclude Include="..\..\..\SDL3\include\SDL3\SDL_blendmode.h">
      <Filter>SDL3</Filter>
    </ClInclude>
    <ClInclude Include="..\..\..\SDL3\include\SDL3\SDL_camera.h">
      <Filter>SDL3</Filter>
    </ClInclude>
    <ClInclude Include="..\..\..\SDL3\include\SDL3\SDL_clipboard.h">
      <Filter>SDL3</Filter>
    </ClInclude>
    <ClInclude Include="..\..\..\SDL3\include\SDL3\SDL_close_code.h">
      <Filter>SDL3</Filter>
    </ClInclude>
    <ClInclude Include="..\..\..\SDL3\include\SDL3\SDL_copying.h">
      <Filter>SDL3</Filter>
    </ClInclude>
    <ClInclude Include="..\..\..\SDL3\include\SDL3\SDL_cpuinfo.h">
      <Filter>SDL3</Filter>
    </ClInclude>
    <ClInclude Include="..\..\..\SDL3\include\SDL3\SDL_dialog.h">
      <Filter>SDL3</Filter>
    </ClInclude>
    <ClInclude Include="..\..\..\SDL3\include\SDL3\SDL_egl.h">
      <Filter>SDL3</Filter>
    </ClInclude>
    <ClInclude Include="..\..\..\SDL3\include\SDL3\SDL_endian.h">
      <Filter>SDL3</Filter>
    </ClInclude>
    <ClInclude Include="..\..\..\SDL3\include\SDL3\SDL_error.h">
      <Filter>SDL3</Filter>
    </ClInclude>
    <ClInclude Include="..\..\..\SDL3\include\SDL3\SDL_events.h">
      <Filter>SDL3</Filter>
    </ClInclude>
    <ClInclude Include="..\..\..\SDL3\include\SDL3\SDL_filesystem.h">
      <Filter>SDL3</Filter>
    </ClInclude>
    <ClInclude Include="..\..\..\SDL3\include\SDL3\SDL_gamepad.h">
      <Filter>SDL3</Filter>
    </ClInclude>
    <ClInclude Include="..\..\..\SDL3\include\SDL3\SDL_gpu.h">
      <Filter>SDL3</Filter>
    </ClInclude>
    <ClInclude Include="..\..\..\SDL3\include\SDL3\SDL_guid.h">
      <Filter>SDL3</Filter>
    </ClInclude>
    <ClInclude Include="..\..\..\SDL3\include\SDL3\SDL_haptic.h">
      <Filter>SDL3</Filter>
    </ClInclude>
    <ClInclude Include="..\..\..\SDL3\include\SDL3\SDL_hidapi.h">
      <Filter>SDL3</Filter>
    </ClInclude>
    <ClInclude Include="..\..\..\SDL3\include\SDL3\SDL_hints.h">
      <Filter>SDL3</Filter>
    </ClInclude>
    <ClInclude Include="..\..\..\SDL3\include\SDL3\SDL_init.h">
      <Filter>SDL3</Filter>
    </ClInclude>
    <ClInclude Include="..\..\..\SDL3\include\SDL3\SDL_intrin.h">
      <Filter>SDL3</Filter>
    </ClInclude>
    <ClInclude Include="..\..\..\SDL3\include\SDL3\SDL_iostream.h">
      <Filter>SDL3</Filter>
    </ClInclude>
    <ClInclude Include="..\..\..\SDL3\include\SDL3\SDL_joystick.h">
      <Filter>SDL3</Filter>
    </ClInclude>
    <ClInclude Include="..\..\..\SDL3\include\SDL3\SDL_keyboard.h">
      <Filter>SDL3</Filter>
    </ClInclude>
    <ClInclude Include="..\..\..\SDL3\include\SDL3\SDL_keycode.h">
      <Filter>SDL3</Filter>
    </ClInclude>
    <ClInclude Include="..\..\..\SDL3\include\SDL3\SDL_loadso.h">
      <Filter>SDL3</Filter>
    </ClInclude>
    <ClInclude Include="..\..\..\SDL3\include\SDL3\SDL_locale.h">
      <Filter>SDL3</Filter>
    </ClInclude>
    <ClInclude Include="..\..\..\SDL3\include\SDL3\SDL_log.h">
      <Filter>SDL3</Filter>
    </ClInclude>
    <ClInclude Include="..\..\..\SDL3\include\SDL3\SDL_main.h">
      <Filter>SDL3</Filter>
    </ClInclude>
    <ClInclude Include="..\..\..\SDL3\include\SDL3\SDL_main_impl.h">
      <Filter>SDL3</Filter>
    </ClInclude>
    <ClInclude Include="..\..\..\SDL3\include\SDL3\SDL_messagebox.h">
      <Filter>SDL3</Filter>
    </ClInclude>
    <ClInclude Include="..\..\..\SDL3\include\SDL3\SDL_metal.h">
      <Filter>SDL3</Filter>
    </ClInclude>
    <ClInclude Include="..\..\..\SDL3\include\SDL3\SDL_misc.h">
      <Filter>SDL3</Filter>
    </ClInclude>
    <ClInclude Include="..\..\..\SDL3\include\SDL3\SDL_mouse.h">
      <Filter>SDL3</Filter>
    </ClInclude>
    <ClInclude Include="..\..\..\SDL3\include\SDL3\SDL_mutex.h">
      <Filter>SDL3</Filter>
    </ClInclude>
    <ClInclude Include="..\..\..\SDL3\include\SDL3\SDL_oldnames.h">
      <Filter>SDL3</Filter>
    </ClInclude>
    <ClInclude Include="..\..\..\SDL3\include\SDL3\SDL_opengl.h">
      <Filter>SDL3</Filter>
    </ClInclude>
    <ClInclude Include="..\..\..\SDL3\include\SDL3\SDL_opengles.h">
      <Filter>SDL3</Filter>
    </ClInclude>
    <ClInclude Include="..\..\..\SDL3\include\SDL3\SDL_opengles2.h">
      <Filter>SDL3</Filter>
    </ClInclude>
    <ClInclude Include="..\..\..\SDL3\include\SDL3\SDL_opengles2_gl2.h">
      <Filter>SDL3</Filter>
    </ClInclude>
    <ClInclude Include="..\..\..\SDL3\include\SDL3\SDL_opengles2_gl2ext.h">
      <Filter>SDL3</Filter>
    </ClInclude>
    <ClInclude Include="..\..\..\SDL3\include\SDL3\SDL_opengles2_gl2platform.h">
      <Filter>SDL3</Filter>
    </ClInclude>
    <ClInclude Include="..\..\..\SDL3\include\SDL3\SDL_opengles2_khrplatform.h">
      <Filter>SDL3</Filter>
    </ClInclude>
    <ClInclude Include="..\..\..\SDL3\include\SDL3\SDL_opengl_glext.h">
      <Filter>SDL3</Filter>
    </ClInclude>
    <ClInclude Include="..\..\..\SDL3\include\SDL3\SDL_pen.h">
      <Filter>SDL3</Filter>
    </ClInclude>
    <ClInclude Include="..\..\..\SDL3\include\SDL3\SDL_pixels.h">
      <Filter>SDL3</Filter>
    </ClInclude>
    <ClInclude Include="..\..\..\SDL3\include\SDL3\SDL_platform.h">
      <Filter>SDL3</Filter>
    </ClInclude>
    <ClInclude Include="..\..\..\SDL3\include\SDL3\SDL_platform_defines.h">
      <Filter>SDL3</Filter>
    </ClInclude>
    <ClInclude Include="..\..\..\SDL3\include\SDL3\SDL_power.h">
      <Filter>SDL3</Filter>
    </ClInclude>
    <ClInclude Include="..\..\..\SDL3\include\SDL3\SDL_process.h">
      <Filter>SDL3</Filter>
    </ClInclude>
    <ClInclude Include="..\..\..\SDL3\include\SDL3\SDL_properties.h">
      <Filter>SDL3</Filter>
    </ClInclude>
    <ClInclude Include="..\..\..\SDL3\include\SDL3\SDL_rect.h">
      <Filter>SDL3</Filter>
    </ClInclude>
    <ClInclude Include="..\..\..\SDL3\include\SDL3\SDL_render.h">
      <Filter>SDL3</Filter>
    </ClInclude>
    <ClInclude Include="..\..\..\SDL3\include\SDL3\SDL_revision.h">
      <Filter>SDL3</Filter>
    </ClInclude>
    <ClInclude Include="..\..\..\SDL3\include\SDL3\SDL_scancode.h">
      <Filter>SDL3</Filter>
    </ClInclude>
    <ClInclude Include="..\..\..\SDL3\include\SDL3\SDL_sensor.h">
      <Filter>SDL3</Filter>
    </ClInclude>
    <ClInclude Include="..\..\..\SDL3\include\SDL3\SDL_stdinc.h">
      <Filter>SDL3</Filter>
    </ClInclude>
    <ClInclude Include="..\..\..\SDL3\include\SDL3\SDL_storage.h">
      <Filter>SDL3</Filter>
    </ClInclude>
    <ClInclude Include="..\..\..\SDL3\include\SDL3\SDL_surface.h">
      <Filter>SDL3</Filter>
    </ClInclude>
    <ClInclude Include="..\..\..\SDL3\include\SDL3\SDL_system.h">
      <Filter>SDL3</Filter>
    </ClInclude>
    <ClInclude Include="..\..\..\SDL3\include\SDL3\SDL_test.h">
      <Filter>SDL3</Filter>
    </ClInclude>
    <ClInclude Include="..\..\..\SDL3\include\SDL3\SDL_test_assert.h">
      <Filter>SDL3</Filter>
    </ClInclude>
    <ClInclude Include="..\..\..\SDL3\include\SDL3\SDL_test_common.h">
      <Filter>SDL3</Filter>
    </ClInclude>
    <ClInclude Include="..\..\..\SDL3\include\SDL3\SDL_test_compare.h">
      <Filter>SDL3</Filter>
    </ClInclude>
    <ClInclude Include="..\..\..\SDL3\include\SDL3\SDL_test_crc32.h">
      <Filter>SDL3</Filter>
    </ClInclude>
    <ClInclude Include="..\..\..\SDL3\include\SDL3\SDL_test_font.h">
      <Filter>SDL3</Filter>
    </ClInclude>
    <ClInclude Include="..\..\..\SDL3\include\SDL3\SDL_test_fuzzer.h">
      <Filter>SDL3</Filter>
    </ClInclude>
    <ClInclude Include="..\..\..\SDL3\include\SDL3\SDL_test_harness.h">
      <Filter>SDL3</Filter>
    </ClInclude>
    <ClInclude Include="..\..\..\SDL3\include\SDL3\SDL_test_log.h">
      <Filter>SDL3</Filter>
    </ClInclude>
    <ClInclude Include="..\..\..\SDL3\include\SDL3\SDL_test_md5.h">
      <Filter>SDL3</Filter>
    </ClInclude>
    <ClInclude Include="..\..\..\SDL3\include\SDL3\SDL_test_memory.h">
      <Filter>SDL3</Filter>
    </ClInclude>
    <ClInclude Include="..\..\..\SDL3\include\SDL3\SDL_thread.h">
      <Filter>SDL3</Filter>
    </ClInclude>
    <ClInclude Include="..\..\..\SDL3\include\SDL3\SDL_time.h">
      <Filter>SDL3</Filter>
    </ClInclude>
    <ClInclude Include="..\..\..\SDL3\include\SDL3\SDL_timer.h">
      <Filter>SDL3</Filter>
    </ClInclude>
    <ClInclude Include="..\..\..\SDL3\include\SDL3\SDL_touch.h">
      <Filter>SDL3</Filter>
    </ClInclude>
    <ClInclude Include="..\..\..\SDL3\include\SDL3\SDL_tray.h">
      <Filter>SDL3</Filter>
    </ClInclude>
    <ClInclude Include="..\..\..\SDL3\include\SDL3\SDL_version.h">
      <Filter>SDL3</Filter>
    </ClInclude>
    <ClInclude Include="..\..\..\SDL3\include\SDL3\SDL_video.h">
      <Filter>SDL3</Filter>
    </ClInclude>
    <ClInclude Include="..\..\..\SDL3\include\SDL3\SDL_vulkan.h">
      <Filter>SDL3</Filter>
    </ClInclude>
    <ClInclude Include="..\..\..\VulkanSDK\1.4.304.1\Include\vulkan\vulkan_screen.h">
      <Filter>VulkanSDK\vulkan</Filter>
    </ClInclude>
    <ClInclude Include="..\..\..\VulkanSDK\1.4.304.1\Include\vulkan\vulkan_vi.h">
      <Filter>VulkanSDK\vulkan</Filter>
    </ClInclude>
    <ClInclude Include="..\..\..\VulkanSDK\1.4.304.1\Include\vulkan\vulkan_wayland.h">
      <Filter>VulkanSDK\vulkan</Filter>
    </ClInclude>
    <ClInclude Include="..\..\..\VulkanSDK\1.4.304.1\Include\vulkan\vulkan_win32.h">
      <Filter>VulkanSDK\vulkan</Filter>
    </ClInclude>
    <ClInclude Include="..\..\..\VulkanSDK\1.4.304.1\Include\vulkan\vulkan_xcb.h">
      <Filter>VulkanSDK\vulkan</Filter>
    </ClInclude>
    <ClInclude Include="..\..\..\VulkanSDK\1.4.304.1\Include\vulkan\vulkan_xlib.h">
      <Filter>VulkanSDK\vulkan</Filter>
    </ClInclude>
    <ClInclude Include="..\..\..\VulkanSDK\1.4.304.1\Include\vulkan\vulkan_xlib_xrandr.h">
      <Filter>VulkanSDK\vulkan</Filter>
    </ClInclude>
    <ClInclude Include="..\..\..\VulkanSDK\1.4.304.1\Include\vulkan\utility\vk_format_utils.h">
      <Filter>VulkanSDK\vulkan</Filter>
    </ClInclude>
    <ClInclude Include="..\..\..\VulkanSDK\1.4.304.1\Include\vulkan\vk_enum_string_helper.h">
      <Filter>VulkanSDK\vulkan</Filter>
    </ClInclude>
    <ClInclude Include="..\..\..\VulkanSDK\1.4.304.1\Include\vulkan\vk_icd.h">
      <Filter>VulkanSDK\vulkan</Filter>
    </ClInclude>
    <ClInclude Include="..\..\..\VulkanSDK\1.4.304.1\Include\vulkan\vk_layer.h">
      <Filter>VulkanSDK\vulkan</Filter>
    </ClInclude>
    <ClInclude Include="..\..\..\VulkanSDK\1.4.304.1\Include\vulkan\vk_platform.h">
      <Filter>VulkanSDK\vulkan</Filter>
    </ClInclude>
    <ClInclude Include="..\..\..\VulkanSDK\1.4.304.1\Include\vulkan\vulkan.h">
      <Filter>VulkanSDK\vulkan</Filter>
    </ClInclude>
    <ClInclude Include="..\..\..\VulkanSDK\1.4.304.1\Include\vulkan\vulkan_android.h">
      <Filter>VulkanSDK\vulkan</Filter>
    </ClInclude>
    <ClInclude Include="..\..\..\VulkanSDK\1.4.304.1\Include\vulkan\vulkan_beta.h">
      <Filter>VulkanSDK\vulkan</Filter>
    </ClInclude>
    <ClInclude Include="..\..\..\VulkanSDK\1.4.304.1\Include\vulkan\vulkan_core.h">
      <Filter>VulkanSDK\vulkan</Filter>
    </ClInclude>
    <ClInclude Include="..\..\..\VulkanSDK\1.4.304.1\Include\vulkan\vulkan_directfb.h">
      <Filter>VulkanSDK\vulkan</Filter>
    </ClInclude>
    <ClInclude Include="..\..\..\VulkanSDK\1.4.304.1\Include\vulkan\vulkan_fuchsia.h">
      <Filter>VulkanSDK\vulkan</Filter>
    </ClInclude>
    <ClInclude Include="..\..\..\VulkanSDK\1.4.304.1\Include\vulkan\vulkan_ggp.h">
      <Filter>VulkanSDK\vulkan</Filter>
    </ClInclude>
    <ClInclude Include="..\..\..\VulkanSDK\1.4.304.1\Include\vulkan\vulkan_ios.h">
      <Filter>VulkanSDK\vulkan</Filter>
    </ClInclude>
    <ClInclude Include="..\..\..\VulkanSDK\1.4.304.1\Include\vulkan\vulkan_macos.h">
      <Filter>VulkanSDK\vulkan</Filter>
    </ClInclude>
    <ClInclude Include="..\..\..\VulkanSDK\1.4.304.1\Include\vulkan\vulkan_metal.h">
      <Filter>VulkanSDK\vulkan</Filter>
    </ClInclude>
    <ClInclude Include="..\..\..\VulkanSDK\1.4.304.1\Include\Volk\volk.h">
      <Filter>VulkanSDK\Volk</Filter>
    </ClInclude>
    <ClInclude Include="main.h" />
    <ClInclude Include="..\..\..\HandmadeMath\HandmadeMath.h" />
  </ItemGroup>
</Project>